{"is_source_file": false, "format": "", "description": "", "external_files": [], "external_methods": [], "published": [], "classes": [], "methods": [], "calls": [], "search-terms": [], "state": 2, "file_id": 9, "knowledge_revision": 25, "git_revision": "2a3f03b835a07c37a606f4116737e7c5a411938a", "hash": "9c4ed7ef73e22b872b8055bec08b8979", "format-version": 4, "code-base-name": "default", "filename": "darkreel_explorer/post_process_status.lock", "revision_history": [{"25": "2a3f03b835a07c37a606f4116737e7c5a411938a"}]}